
Microsoft Visual Studio Solution File, Format Version 12.00
# Visual Studio 2013
VisualStudioVersion = 12.0.31101.0
MinimumVisualStudioVersion = 10.0.40219.1
Project("{FAE04EC0-301F-11D3-BF4B-00C04F79EFBC}") = "prospectInHospitality", "prospectInHospitality\prospectInHospitality.csproj", "{142BA524-8286-4586-9306-4AA5D8B3DC96}"
EndProject
Project("{FAE04EC0-301F-11D3-BF4B-00C04F79EFBC}") = "BookProblem", "BookProblem\BookProblem.csproj", "{2BE42F13-8CDA-4DE5-AE24-DE42792D77A8}"
EndProject
Project("{FAE04EC0-301F-11D3-BF4B-00C04F79EFBC}") = "BaiIvanAdventures", "BaiIvanAdventures\BaiIvanAdventures.csproj", "{1E5B99E2-A03C-4082-8EBE-C09703CE1030}"
EndProject
Project("{FAE04EC0-301F-11D3-BF4B-00C04F79EFBC}") = "TheBetterMusicProduser", "TheBetterMusicProduser\TheBetterMusicProduser.csproj", "{746CB708-78EB-4168-AFB9-F5D797FE4353}"
EndProject
Project("{FAE04EC0-301F-11D3-BF4B-00C04F79EFBC}") = "DailyCalorieInTake", "DailyCalorieInTake\DailyCalorieInTake.csproj", "{9A9E92AA-57E4-40A2-95BE-BE3379E17F67}"
EndProject
Project("{FAE04EC0-301F-11D3-BF4B-00C04F79EFBC}") = "ConsoleApplication1", "ConsoleApplication1\ConsoleApplication1.csproj", "{1FD0EEBE-D585-4B14-8DBA-BBFE86015EF8}"
EndProject
Project("{FAE04EC0-301F-11D3-BF4B-00C04F79EFBC}") = "ImpressTheGirl", "ImpressTheGirl\ImpressTheGirl.csproj", "{55561288-8861-486B-9767-DBCA08E9B05A}"
EndProject
Project("{FAE04EC0-301F-11D3-BF4B-00C04F79EFBC}") = "TakeThePlaneDown", "TakeThePlaneDown\TakeThePlaneDown.csproj", "{4DE4F1A3-EF57-452D-88C3-4E8156936F55}"
EndProject
Project("{FAE04EC0-301F-11D3-BF4B-00C04F79EFBC}") = "ConsoleApplication2", "ConsoleApplication2\ConsoleApplication2.csproj", "{2D56B5B8-A044-49B6-8BB1-52E23FF85658}"
EndProject
Project("{FAE04EC0-301F-11D3-BF4B-00C04F79EFBC}") = "ConsoleApplication3", "ConsoleApplication3\ConsoleApplication3.csproj", "{6A32037A-E848-4E24-A3B2-9D0238400D14}"
EndProject
Project("{FAE04EC0-301F-11D3-BF4B-00C04F79EFBC}") = "SummertimeForProgramers Butilka", "SummertimeForProgramers Butilka\SummertimeForProgramers Butilka.csproj", "{C0657735-FD17-4DB6-B3F0-A6D637CA96F5}"
EndProject
Project("{FAE04EC0-301F-11D3-BF4B-00C04F79EFBC}") = "SudokoRezult", "SudokoRezult\SudokoRezult.csproj", "{4604B88B-B1BD-468F-859A-498342F02FFC}"
EndProject
Project("{FAE04EC0-301F-11D3-BF4B-00C04F79EFBC}") = "LocalElections", "LocalElections\LocalElections.csproj", "{F28C9010-1BBF-442D-AB53-F420B4E29B99}"
EndProject
Project("{FAE04EC0-301F-11D3-BF4B-00C04F79EFBC}") = "PerfectGirlFriend", "PerfectGirlFriend\PerfectGirlFriend.csproj", "{DF1A429A-BFC7-418B-9EA8-3BB8F3837576}"
EndProject
Project("{FAE04EC0-301F-11D3-BF4B-00C04F79EFBC}") = "ShiffleBits", "ShiffleBits\ShiffleBits.csproj", "{9B4625A0-B963-4350-8AAD-F9EF14A8A891}"
EndProject
Project("{FAE04EC0-301F-11D3-BF4B-00C04F79EFBC}") = "GrandTheftExamo", "GrandTheftExamo\GrandTheftExamo.csproj", "{F4D7B1DE-2049-454A-8031-AFD5BA5EBA2E}"
EndProject
Project("{FAE04EC0-301F-11D3-BF4B-00C04F79EFBC}") = "PlaidTowel", "PlaidTowel\PlaidTowel.csproj", "{0F667166-B9C2-4E2B-A6F9-1897277B3DE3}"
EndProject
Project("{FAE04EC0-301F-11D3-BF4B-00C04F79EFBC}") = "FirefightingOrganization", "FirefightingOrganization\FirefightingOrganization.csproj", "{29D55F70-6C14-4708-B54C-14BAACD8F407}"
EndProject
Project("{FAE04EC0-301F-11D3-BF4B-00C04F79EFBC}") = "TheFootbalStatisian", "TheFootbalStatisian\TheFootbalStatisian.csproj", "{58FF0043-F2A6-4E18-8A18-CFFB178DFAB4}"
EndProject
Project("{FAE04EC0-301F-11D3-BF4B-00C04F79EFBC}") = "StripedTowel", "StripedTowel\StripedTowel.csproj", "{FEEEAD9E-83B7-4240-8B31-296614C81892}"
EndProject
Project("{FAE04EC0-301F-11D3-BF4B-00C04F79EFBC}") = "TeleportPoint", "TeleportPoint\TeleportPoint.csproj", "{3F1115E0-BD9B-471F-BDBC-447726911AE5}"
EndProject
Project("{FAE04EC0-301F-11D3-BF4B-00C04F79EFBC}") = "ChristmasTree", "ChristmasTree\ChristmasTree.csproj", "{CF6FF119-04D8-45C0-A262-C5AFB31066CA}"
EndProject
Project("{FAE04EC0-301F-11D3-BF4B-00C04F79EFBC}") = "AniIsDrunk", "AniIsDrunk\AniIsDrunk.csproj", "{0262D68C-D78B-4676-A3CF-F1B2C3ED6956}"
EndProject
Project("{FAE04EC0-301F-11D3-BF4B-00C04F79EFBC}") = "KingOfThieves", "KingOfThieves\KingOfThieves.csproj", "{A232071F-9E5C-4C9E-A871-1122F9DF5320}"
EndProject
Project("{FAE04EC0-301F-11D3-BF4B-00C04F79EFBC}") = "ChessboardGame", "ChessboardGame\ChessboardGame.csproj", "{A1742C8C-2FB8-4406-B3AD-FB56D4FBBCF0}"
EndProject
Project("{FAE04EC0-301F-11D3-BF4B-00C04F79EFBC}") = "PhoneProcesses", "PhoneProcesses\PhoneProcesses.csproj", "{77D7B723-3F6B-4807-9512-3F8A43E27961}"
EndProject
Project("{FAE04EC0-301F-11D3-BF4B-00C04F79EFBC}") = "FitBoxInBox", "FitBoxInBox\FitBoxInBox.csproj", "{BC98B60A-CACB-4E87-A378-4739E20C677A}"
EndProject
Project("{FAE04EC0-301F-11D3-BF4B-00C04F79EFBC}") = "SequenceOfKnumbers", "пппп\SequenceOfKnumbers.csproj", "{1AE411FA-F7E5-4EF5-A294-50E13AC33EF5}"
EndProject
Project("{FAE04EC0-301F-11D3-BF4B-00C04F79EFBC}") = "Disk", "Disk\Disk.csproj", "{598B9A54-DF2E-45FE-8E08-11054B7758DC}"
EndProject
Project("{FAE04EC0-301F-11D3-BF4B-00C04F79EFBC}") = "InsideTheBuilding", "InsideTheBuilding\InsideTheBuilding.csproj", "{CBB565E8-E37D-4949-BFDF-B2BA39E9A016}"
EndProject
Project("{FAE04EC0-301F-11D3-BF4B-00C04F79EFBC}") = "StudentCabels", "StudentCabels\StudentCabels.csproj", "{63A18990-22A1-4945-9B21-D0F6C91CC246}"
EndProject
Project("{FAE04EC0-301F-11D3-BF4B-00C04F79EFBC}") = "PhoneProcesess2", "PhoneProcesess2\PhoneProcesess2.csproj", "{9976E96B-4E1B-4D59-A254-4F1C482EA098}"
EndProject
Project("{FAE04EC0-301F-11D3-BF4B-00C04F79EFBC}") = "DetectiveBoev", "DetectiveBoev\DetectiveBoev.csproj", "{17616D93-B4A2-43C6-9A83-77F91085F6C4}"
EndProject
Project("{FAE04EC0-301F-11D3-BF4B-00C04F79EFBC}") = "MagicCarNumbers", "MagicCarNumbers\MagicCarNumbers.csproj", "{7F258AE4-0A1D-412B-A618-516331ACE0A9}"
EndProject
Project("{FAE04EC0-301F-11D3-BF4B-00C04F79EFBC}") = "FourFactor", "FourFactor\FourFactor.csproj", "{E077155B-581B-4AAD-854C-BF1B8E5BB553}"
EndProject
Project("{FAE04EC0-301F-11D3-BF4B-00C04F79EFBC}") = "01PiggyBank", "01PiggyBank\01PiggyBank.csproj", "{2C20ACB9-E46B-44B2-9561-746249387958}"
EndProject
Project("{FAE04EC0-301F-11D3-BF4B-00C04F79EFBC}") = "02CheatSheat", "02CheatSheat\02CheatSheat.csproj", "{DFEF354B-D7A5-4730-9E83-9F78F7451805}"
EndProject
Project("{FAE04EC0-301F-11D3-BF4B-00C04F79EFBC}") = "03Boat", "03Boat\03Boat.csproj", "{E69C792A-AF47-4449-8D72-E739C8A7D2A4}"
EndProject
Project("{FAE04EC0-301F-11D3-BF4B-00C04F79EFBC}") = "04TextBombardment", "04TextBombardment\04TextBombardment.csproj", "{C61737B4-D415-4E99-9450-DE1C9C99740A}"
EndProject
Project("{FAE04EC0-301F-11D3-BF4B-00C04F79EFBC}") = "02DreamItem", "02DreamItem\02DreamItem.csproj", "{E1EFCCE2-7AD4-4A47-8C5E-5883BF8F46FD}"
EndProject
Project("{FAE04EC0-301F-11D3-BF4B-00C04F79EFBC}") = "03MagicWand", "03MagicWand\03MagicWand.csproj", "{99C177E8-984A-47FC-80A9-127245F040A6}"
EndProject
Project("{FAE04EC0-301F-11D3-BF4B-00C04F79EFBC}") = "04ArrayMatcher", "04ArrayMatcher\04ArrayMatcher.csproj", "{1B705944-6700-4178-8ABF-4942CD9E85D0}"
EndProject
Project("{FAE04EC0-301F-11D3-BF4B-00C04F79EFBC}") = "03Sunlight", "03Sunlight\03Sunlight.csproj", "{47B9AC6B-B340-44F2-B7F7-A23CD7B22F80}"
EndProject
Project("{FAE04EC0-301F-11D3-BF4B-00C04F79EFBC}") = "BasketBattle", "04PokerStraight\BasketBattle.csproj", "{80A3F0FA-D752-4C48-8EE7-A6ED2CEF4A92}"
EndProject
Project("{FAE04EC0-301F-11D3-BF4B-00C04F79EFBC}") = "CountBeers", "CountBeers\CountBeers.csproj", "{06C65E71-774B-42A0-BC25-D4DC195C9FE7}"
EndProject
Project("{FAE04EC0-301F-11D3-BF4B-00C04F79EFBC}") = "TravelerBob", "TravelerBob\TravelerBob.csproj", "{E386DF5B-72AF-4596-86D9-C29DAFFE92C9}"
EndProject
Project("{FAE04EC0-301F-11D3-BF4B-00C04F79EFBC}") = "headPhones", "headPhones\headPhones.csproj", "{A0583B17-F01B-472F-B3B8-F71C2C0B15A1}"
EndProject
Project("{FAE04EC0-301F-11D3-BF4B-00C04F79EFBC}") = "04SpiralMatrix", "04SpiralMatrix\04SpiralMatrix.csproj", "{2308DB1D-2453-45E8-9BB8-3AEC53487C8A}"
EndProject
Project("{FAE04EC0-301F-11D3-BF4B-00C04F79EFBC}") = "Numerology", "Numerology\Numerology.csproj", "{63D065C6-D69A-4C7C-8642-28C75C78477F}"
EndProject
Project("{FAE04EC0-301F-11D3-BF4B-00C04F79EFBC}") = "Roklq", "Roklq\Roklq.csproj", "{247A1803-E2B6-4602-A803-E5A41BE57436}"
EndProject
Project("{FAE04EC0-301F-11D3-BF4B-00C04F79EFBC}") = "Gamebling", "Gamebling\Gamebling.csproj", "{ED63BF1E-BC94-4D73-B835-44AD4BF8AC99}"
EndProject
Project("{FAE04EC0-301F-11D3-BF4B-00C04F79EFBC}") = "BitsInverter", "BitsInverter\BitsInverter.csproj", "{2D0FCA3C-22E8-48A2-A3FB-E74CDAE769DC}"
EndProject
Project("{FAE04EC0-301F-11D3-BF4B-00C04F79EFBC}") = "HalfSum", "HalfSum\HalfSum.csproj", "{9FB88A07-8593-47AD-89E2-933C2C0F846E}"
EndProject
Project("{FAE04EC0-301F-11D3-BF4B-00C04F79EFBC}") = "Sunglasses", "Sunglasses\Sunglasses.csproj", "{08E4A5ED-D1DC-4BA5-BDE1-1A91CBAB0896}"
EndProject
Project("{FAE04EC0-301F-11D3-BF4B-00C04F79EFBC}") = "NineDigitMagicNumber", "NineDigitMagicNumber\NineDigitMagicNumber.csproj", "{75729DE9-A16E-4D60-80EA-30468A5522CB}"
EndProject
Project("{FAE04EC0-301F-11D3-BF4B-00C04F79EFBC}") = "OddOrEvenCounter", "OddOrEvenCounter\OddOrEvenCounter.csproj", "{655E679A-C223-4F67-9990-35E7DAC822AD}"
EndProject
Project("{FAE04EC0-301F-11D3-BF4B-00C04F79EFBC}") = "WeirdCombinations", "WeirdCombinations\WeirdCombinations.csproj", "{488728EB-F2CA-49E8-B2E2-7C848EECA395}"
EndProject
Project("{FAE04EC0-301F-11D3-BF4B-00C04F79EFBC}") = "JumpingSums", "JumpingSums\JumpingSums.csproj", "{A435521A-9074-4720-9347-AA1D6A23C410}"
EndProject
Project("{FAE04EC0-301F-11D3-BF4B-00C04F79EFBC}") = "WinningNumbers", "WinningNumbers\WinningNumbers.csproj", "{17E06B2F-5362-40C6-A5B0-B4159516DEF3}"
EndProject
Project("{FAE04EC0-301F-11D3-BF4B-00C04F79EFBC}") = "Star", "Star\Star.csproj", "{E119B6AB-E3C6-4F5C-ADF8-EB0040928519}"
EndProject
Project("{FAE04EC0-301F-11D3-BF4B-00C04F79EFBC}") = "Pairs", "Pairs\Pairs.csproj", "{43A8E1AB-024C-4DA8-8A9A-C1296303FB2A}"
EndProject
Project("{FAE04EC0-301F-11D3-BF4B-00C04F79EFBC}") = "WiggleWiggle", "WiggleWiggle\WiggleWiggle.csproj", "{A9F57D5B-C062-453E-BF28-CB0F500ECC72}"
EndProject
Project("{FAE04EC0-301F-11D3-BF4B-00C04F79EFBC}") = "WiggleWiggle2", "WiggleWiggle2\WiggleWiggle2.csproj", "{EE1A306E-3E01-4BE6-A896-C9F8AD74063E}"
EndProject
Project("{FAE04EC0-301F-11D3-BF4B-00C04F79EFBC}") = "LightTheToutches", "LightTheToutches\LightTheToutches.csproj", "{726628F2-862C-4378-A109-323D3B9A78F9}"
EndProject
Project("{FAE04EC0-301F-11D3-BF4B-00C04F79EFBC}") = "DetectiveBoev2", "DetectiveBoev2\DetectiveBoev2.csproj", "{528E8BE6-DCD3-4D1C-9FB4-8978604AFD67}"
EndProject
Project("{FAE04EC0-301F-11D3-BF4B-00C04F79EFBC}") = "IlluminatiLock", "IlluminatiLock\IlluminatiLock.csproj", "{CD9A0435-BCD8-4382-ABA2-FE88EA38C7B0}"
EndProject
Project("{FAE04EC0-301F-11D3-BF4B-00C04F79EFBC}") = "Cake", "Cake\Cake.csproj", "{2C2A8AD2-81BF-48BE-AD5A-165FF722F1DE}"
EndProject
Project("{FAE04EC0-301F-11D3-BF4B-00C04F79EFBC}") = "BeerStock", "BeerStock\BeerStock.csproj", "{9C0BF31C-DD6F-4521-9E9F-32C278FB3D46}"
EndProject
Project("{FAE04EC0-301F-11D3-BF4B-00C04F79EFBC}") = "Herbs", "Herbs\Herbs.csproj", "{3F936DB6-6A6E-4623-8ACD-040ED452D78E}"
EndProject
Project("{FAE04EC0-301F-11D3-BF4B-00C04F79EFBC}") = "shuffleBits", "shuffleBits\shuffleBits.csproj", "{AC9B3836-FA56-4AA7-B0A8-496BC7056A17}"
EndProject
Project("{FAE04EC0-301F-11D3-BF4B-00C04F79EFBC}") = "waveBits", "waveBits\waveBits.csproj", "{3CB080AA-668C-4335-AD4B-DFEDA8D97A21}"
EndProject
Global
	GlobalSection(SolutionConfigurationPlatforms) = preSolution
		Debug|Any CPU = Debug|Any CPU
		Release|Any CPU = Release|Any CPU
	EndGlobalSection
	GlobalSection(ProjectConfigurationPlatforms) = postSolution
		{142BA524-8286-4586-9306-4AA5D8B3DC96}.Debug|Any CPU.ActiveCfg = Debug|Any CPU
		{142BA524-8286-4586-9306-4AA5D8B3DC96}.Debug|Any CPU.Build.0 = Debug|Any CPU
		{142BA524-8286-4586-9306-4AA5D8B3DC96}.Release|Any CPU.ActiveCfg = Release|Any CPU
		{142BA524-8286-4586-9306-4AA5D8B3DC96}.Release|Any CPU.Build.0 = Release|Any CPU
		{2BE42F13-8CDA-4DE5-AE24-DE42792D77A8}.Debug|Any CPU.ActiveCfg = Debug|Any CPU
		{2BE42F13-8CDA-4DE5-AE24-DE42792D77A8}.Debug|Any CPU.Build.0 = Debug|Any CPU
		{2BE42F13-8CDA-4DE5-AE24-DE42792D77A8}.Release|Any CPU.ActiveCfg = Release|Any CPU
		{2BE42F13-8CDA-4DE5-AE24-DE42792D77A8}.Release|Any CPU.Build.0 = Release|Any CPU
		{1E5B99E2-A03C-4082-8EBE-C09703CE1030}.Debug|Any CPU.ActiveCfg = Debug|Any CPU
		{1E5B99E2-A03C-4082-8EBE-C09703CE1030}.Debug|Any CPU.Build.0 = Debug|Any CPU
		{1E5B99E2-A03C-4082-8EBE-C09703CE1030}.Release|Any CPU.ActiveCfg = Release|Any CPU
		{1E5B99E2-A03C-4082-8EBE-C09703CE1030}.Release|Any CPU.Build.0 = Release|Any CPU
		{746CB708-78EB-4168-AFB9-F5D797FE4353}.Debug|Any CPU.ActiveCfg = Debug|Any CPU
		{746CB708-78EB-4168-AFB9-F5D797FE4353}.Debug|Any CPU.Build.0 = Debug|Any CPU
		{746CB708-78EB-4168-AFB9-F5D797FE4353}.Release|Any CPU.ActiveCfg = Release|Any CPU
		{746CB708-78EB-4168-AFB9-F5D797FE4353}.Release|Any CPU.Build.0 = Release|Any CPU
		{9A9E92AA-57E4-40A2-95BE-BE3379E17F67}.Debug|Any CPU.ActiveCfg = Debug|Any CPU
		{9A9E92AA-57E4-40A2-95BE-BE3379E17F67}.Debug|Any CPU.Build.0 = Debug|Any CPU
		{9A9E92AA-57E4-40A2-95BE-BE3379E17F67}.Release|Any CPU.ActiveCfg = Release|Any CPU
		{9A9E92AA-57E4-40A2-95BE-BE3379E17F67}.Release|Any CPU.Build.0 = Release|Any CPU
		{1FD0EEBE-D585-4B14-8DBA-BBFE86015EF8}.Debug|Any CPU.ActiveCfg = Debug|Any CPU
		{1FD0EEBE-D585-4B14-8DBA-BBFE86015EF8}.Debug|Any CPU.Build.0 = Debug|Any CPU
		{1FD0EEBE-D585-4B14-8DBA-BBFE86015EF8}.Release|Any CPU.ActiveCfg = Release|Any CPU
		{1FD0EEBE-D585-4B14-8DBA-BBFE86015EF8}.Release|Any CPU.Build.0 = Release|Any CPU
		{55561288-8861-486B-9767-DBCA08E9B05A}.Debug|Any CPU.ActiveCfg = Debug|Any CPU
		{55561288-8861-486B-9767-DBCA08E9B05A}.Debug|Any CPU.Build.0 = Debug|Any CPU
		{55561288-8861-486B-9767-DBCA08E9B05A}.Release|Any CPU.ActiveCfg = Release|Any CPU
		{55561288-8861-486B-9767-DBCA08E9B05A}.Release|Any CPU.Build.0 = Release|Any CPU
		{4DE4F1A3-EF57-452D-88C3-4E8156936F55}.Debug|Any CPU.ActiveCfg = Debug|Any CPU
		{4DE4F1A3-EF57-452D-88C3-4E8156936F55}.Debug|Any CPU.Build.0 = Debug|Any CPU
		{4DE4F1A3-EF57-452D-88C3-4E8156936F55}.Release|Any CPU.ActiveCfg = Release|Any CPU
		{4DE4F1A3-EF57-452D-88C3-4E8156936F55}.Release|Any CPU.Build.0 = Release|Any CPU
		{2D56B5B8-A044-49B6-8BB1-52E23FF85658}.Debug|Any CPU.ActiveCfg = Debug|Any CPU
		{2D56B5B8-A044-49B6-8BB1-52E23FF85658}.Debug|Any CPU.Build.0 = Debug|Any CPU
		{2D56B5B8-A044-49B6-8BB1-52E23FF85658}.Release|Any CPU.ActiveCfg = Release|Any CPU
		{2D56B5B8-A044-49B6-8BB1-52E23FF85658}.Release|Any CPU.Build.0 = Release|Any CPU
		{6A32037A-E848-4E24-A3B2-9D0238400D14}.Debug|Any CPU.ActiveCfg = Debug|Any CPU
		{6A32037A-E848-4E24-A3B2-9D0238400D14}.Debug|Any CPU.Build.0 = Debug|Any CPU
		{6A32037A-E848-4E24-A3B2-9D0238400D14}.Release|Any CPU.ActiveCfg = Release|Any CPU
		{6A32037A-E848-4E24-A3B2-9D0238400D14}.Release|Any CPU.Build.0 = Release|Any CPU
		{C0657735-FD17-4DB6-B3F0-A6D637CA96F5}.Debug|Any CPU.ActiveCfg = Debug|Any CPU
		{C0657735-FD17-4DB6-B3F0-A6D637CA96F5}.Debug|Any CPU.Build.0 = Debug|Any CPU
		{C0657735-FD17-4DB6-B3F0-A6D637CA96F5}.Release|Any CPU.ActiveCfg = Release|Any CPU
		{C0657735-FD17-4DB6-B3F0-A6D637CA96F5}.Release|Any CPU.Build.0 = Release|Any CPU
		{4604B88B-B1BD-468F-859A-498342F02FFC}.Debug|Any CPU.ActiveCfg = Debug|Any CPU
		{4604B88B-B1BD-468F-859A-498342F02FFC}.Debug|Any CPU.Build.0 = Debug|Any CPU
		{4604B88B-B1BD-468F-859A-498342F02FFC}.Release|Any CPU.ActiveCfg = Release|Any CPU
		{4604B88B-B1BD-468F-859A-498342F02FFC}.Release|Any CPU.Build.0 = Release|Any CPU
		{F28C9010-1BBF-442D-AB53-F420B4E29B99}.Debug|Any CPU.ActiveCfg = Debug|Any CPU
		{F28C9010-1BBF-442D-AB53-F420B4E29B99}.Debug|Any CPU.Build.0 = Debug|Any CPU
		{F28C9010-1BBF-442D-AB53-F420B4E29B99}.Release|Any CPU.ActiveCfg = Release|Any CPU
		{F28C9010-1BBF-442D-AB53-F420B4E29B99}.Release|Any CPU.Build.0 = Release|Any CPU
		{DF1A429A-BFC7-418B-9EA8-3BB8F3837576}.Debug|Any CPU.ActiveCfg = Debug|Any CPU
		{DF1A429A-BFC7-418B-9EA8-3BB8F3837576}.Debug|Any CPU.Build.0 = Debug|Any CPU
		{DF1A429A-BFC7-418B-9EA8-3BB8F3837576}.Release|Any CPU.ActiveCfg = Release|Any CPU
		{DF1A429A-BFC7-418B-9EA8-3BB8F3837576}.Release|Any CPU.Build.0 = Release|Any CPU
		{9B4625A0-B963-4350-8AAD-F9EF14A8A891}.Debug|Any CPU.ActiveCfg = Debug|Any CPU
		{9B4625A0-B963-4350-8AAD-F9EF14A8A891}.Debug|Any CPU.Build.0 = Debug|Any CPU
		{9B4625A0-B963-4350-8AAD-F9EF14A8A891}.Release|Any CPU.ActiveCfg = Release|Any CPU
		{9B4625A0-B963-4350-8AAD-F9EF14A8A891}.Release|Any CPU.Build.0 = Release|Any CPU
		{F4D7B1DE-2049-454A-8031-AFD5BA5EBA2E}.Debug|Any CPU.ActiveCfg = Debug|Any CPU
		{F4D7B1DE-2049-454A-8031-AFD5BA5EBA2E}.Debug|Any CPU.Build.0 = Debug|Any CPU
		{F4D7B1DE-2049-454A-8031-AFD5BA5EBA2E}.Release|Any CPU.ActiveCfg = Release|Any CPU
		{F4D7B1DE-2049-454A-8031-AFD5BA5EBA2E}.Release|Any CPU.Build.0 = Release|Any CPU
		{0F667166-B9C2-4E2B-A6F9-1897277B3DE3}.Debug|Any CPU.ActiveCfg = Debug|Any CPU
		{0F667166-B9C2-4E2B-A6F9-1897277B3DE3}.Debug|Any CPU.Build.0 = Debug|Any CPU
		{0F667166-B9C2-4E2B-A6F9-1897277B3DE3}.Release|Any CPU.ActiveCfg = Release|Any CPU
		{0F667166-B9C2-4E2B-A6F9-1897277B3DE3}.Release|Any CPU.Build.0 = Release|Any CPU
		{29D55F70-6C14-4708-B54C-14BAACD8F407}.Debug|Any CPU.ActiveCfg = Debug|Any CPU
		{29D55F70-6C14-4708-B54C-14BAACD8F407}.Debug|Any CPU.Build.0 = Debug|Any CPU
		{29D55F70-6C14-4708-B54C-14BAACD8F407}.Release|Any CPU.ActiveCfg = Release|Any CPU
		{29D55F70-6C14-4708-B54C-14BAACD8F407}.Release|Any CPU.Build.0 = Release|Any CPU
		{58FF0043-F2A6-4E18-8A18-CFFB178DFAB4}.Debug|Any CPU.ActiveCfg = Debug|Any CPU
		{58FF0043-F2A6-4E18-8A18-CFFB178DFAB4}.Debug|Any CPU.Build.0 = Debug|Any CPU
		{58FF0043-F2A6-4E18-8A18-CFFB178DFAB4}.Release|Any CPU.ActiveCfg = Release|Any CPU
		{58FF0043-F2A6-4E18-8A18-CFFB178DFAB4}.Release|Any CPU.Build.0 = Release|Any CPU
		{FEEEAD9E-83B7-4240-8B31-296614C81892}.Debug|Any CPU.ActiveCfg = Debug|Any CPU
		{FEEEAD9E-83B7-4240-8B31-296614C81892}.Debug|Any CPU.Build.0 = Debug|Any CPU
		{FEEEAD9E-83B7-4240-8B31-296614C81892}.Release|Any CPU.ActiveCfg = Release|Any CPU
		{FEEEAD9E-83B7-4240-8B31-296614C81892}.Release|Any CPU.Build.0 = Release|Any CPU
		{3F1115E0-BD9B-471F-BDBC-447726911AE5}.Debug|Any CPU.ActiveCfg = Debug|Any CPU
		{3F1115E0-BD9B-471F-BDBC-447726911AE5}.Debug|Any CPU.Build.0 = Debug|Any CPU
		{3F1115E0-BD9B-471F-BDBC-447726911AE5}.Release|Any CPU.ActiveCfg = Release|Any CPU
		{3F1115E0-BD9B-471F-BDBC-447726911AE5}.Release|Any CPU.Build.0 = Release|Any CPU
		{CF6FF119-04D8-45C0-A262-C5AFB31066CA}.Debug|Any CPU.ActiveCfg = Debug|Any CPU
		{CF6FF119-04D8-45C0-A262-C5AFB31066CA}.Debug|Any CPU.Build.0 = Debug|Any CPU
		{CF6FF119-04D8-45C0-A262-C5AFB31066CA}.Release|Any CPU.ActiveCfg = Release|Any CPU
		{CF6FF119-04D8-45C0-A262-C5AFB31066CA}.Release|Any CPU.Build.0 = Release|Any CPU
		{0262D68C-D78B-4676-A3CF-F1B2C3ED6956}.Debug|Any CPU.ActiveCfg = Debug|Any CPU
		{0262D68C-D78B-4676-A3CF-F1B2C3ED6956}.Debug|Any CPU.Build.0 = Debug|Any CPU
		{0262D68C-D78B-4676-A3CF-F1B2C3ED6956}.Release|Any CPU.ActiveCfg = Release|Any CPU
		{0262D68C-D78B-4676-A3CF-F1B2C3ED6956}.Release|Any CPU.Build.0 = Release|Any CPU
		{A232071F-9E5C-4C9E-A871-1122F9DF5320}.Debug|Any CPU.ActiveCfg = Debug|Any CPU
		{A232071F-9E5C-4C9E-A871-1122F9DF5320}.Debug|Any CPU.Build.0 = Debug|Any CPU
		{A232071F-9E5C-4C9E-A871-1122F9DF5320}.Release|Any CPU.ActiveCfg = Release|Any CPU
		{A232071F-9E5C-4C9E-A871-1122F9DF5320}.Release|Any CPU.Build.0 = Release|Any CPU
		{A1742C8C-2FB8-4406-B3AD-FB56D4FBBCF0}.Debug|Any CPU.ActiveCfg = Debug|Any CPU
		{A1742C8C-2FB8-4406-B3AD-FB56D4FBBCF0}.Debug|Any CPU.Build.0 = Debug|Any CPU
		{A1742C8C-2FB8-4406-B3AD-FB56D4FBBCF0}.Release|Any CPU.ActiveCfg = Release|Any CPU
		{A1742C8C-2FB8-4406-B3AD-FB56D4FBBCF0}.Release|Any CPU.Build.0 = Release|Any CPU
		{77D7B723-3F6B-4807-9512-3F8A43E27961}.Debug|Any CPU.ActiveCfg = Debug|Any CPU
		{77D7B723-3F6B-4807-9512-3F8A43E27961}.Debug|Any CPU.Build.0 = Debug|Any CPU
		{77D7B723-3F6B-4807-9512-3F8A43E27961}.Release|Any CPU.ActiveCfg = Release|Any CPU
		{77D7B723-3F6B-4807-9512-3F8A43E27961}.Release|Any CPU.Build.0 = Release|Any CPU
		{BC98B60A-CACB-4E87-A378-4739E20C677A}.Debug|Any CPU.ActiveCfg = Debug|Any CPU
		{BC98B60A-CACB-4E87-A378-4739E20C677A}.Debug|Any CPU.Build.0 = Debug|Any CPU
		{BC98B60A-CACB-4E87-A378-4739E20C677A}.Release|Any CPU.ActiveCfg = Release|Any CPU
		{BC98B60A-CACB-4E87-A378-4739E20C677A}.Release|Any CPU.Build.0 = Release|Any CPU
		{1AE411FA-F7E5-4EF5-A294-50E13AC33EF5}.Debug|Any CPU.ActiveCfg = Debug|Any CPU
		{1AE411FA-F7E5-4EF5-A294-50E13AC33EF5}.Debug|Any CPU.Build.0 = Debug|Any CPU
		{1AE411FA-F7E5-4EF5-A294-50E13AC33EF5}.Release|Any CPU.ActiveCfg = Release|Any CPU
		{1AE411FA-F7E5-4EF5-A294-50E13AC33EF5}.Release|Any CPU.Build.0 = Release|Any CPU
		{598B9A54-DF2E-45FE-8E08-11054B7758DC}.Debug|Any CPU.ActiveCfg = Debug|Any CPU
		{598B9A54-DF2E-45FE-8E08-11054B7758DC}.Debug|Any CPU.Build.0 = Debug|Any CPU
		{598B9A54-DF2E-45FE-8E08-11054B7758DC}.Release|Any CPU.ActiveCfg = Release|Any CPU
		{598B9A54-DF2E-45FE-8E08-11054B7758DC}.Release|Any CPU.Build.0 = Release|Any CPU
		{CBB565E8-E37D-4949-BFDF-B2BA39E9A016}.Debug|Any CPU.ActiveCfg = Debug|Any CPU
		{CBB565E8-E37D-4949-BFDF-B2BA39E9A016}.Debug|Any CPU.Build.0 = Debug|Any CPU
		{CBB565E8-E37D-4949-BFDF-B2BA39E9A016}.Release|Any CPU.ActiveCfg = Release|Any CPU
		{CBB565E8-E37D-4949-BFDF-B2BA39E9A016}.Release|Any CPU.Build.0 = Release|Any CPU
		{63A18990-22A1-4945-9B21-D0F6C91CC246}.Debug|Any CPU.ActiveCfg = Debug|Any CPU
		{63A18990-22A1-4945-9B21-D0F6C91CC246}.Debug|Any CPU.Build.0 = Debug|Any CPU
		{63A18990-22A1-4945-9B21-D0F6C91CC246}.Release|Any CPU.ActiveCfg = Release|Any CPU
		{63A18990-22A1-4945-9B21-D0F6C91CC246}.Release|Any CPU.Build.0 = Release|Any CPU
		{9976E96B-4E1B-4D59-A254-4F1C482EA098}.Debug|Any CPU.ActiveCfg = Debug|Any CPU
		{9976E96B-4E1B-4D59-A254-4F1C482EA098}.Debug|Any CPU.Build.0 = Debug|Any CPU
		{9976E96B-4E1B-4D59-A254-4F1C482EA098}.Release|Any CPU.ActiveCfg = Release|Any CPU
		{9976E96B-4E1B-4D59-A254-4F1C482EA098}.Release|Any CPU.Build.0 = Release|Any CPU
		{17616D93-B4A2-43C6-9A83-77F91085F6C4}.Debug|Any CPU.ActiveCfg = Debug|Any CPU
		{17616D93-B4A2-43C6-9A83-77F91085F6C4}.Debug|Any CPU.Build.0 = Debug|Any CPU
		{17616D93-B4A2-43C6-9A83-77F91085F6C4}.Release|Any CPU.ActiveCfg = Release|Any CPU
		{17616D93-B4A2-43C6-9A83-77F91085F6C4}.Release|Any CPU.Build.0 = Release|Any CPU
		{7F258AE4-0A1D-412B-A618-516331ACE0A9}.Debug|Any CPU.ActiveCfg = Debug|Any CPU
		{7F258AE4-0A1D-412B-A618-516331ACE0A9}.Debug|Any CPU.Build.0 = Debug|Any CPU
		{7F258AE4-0A1D-412B-A618-516331ACE0A9}.Release|Any CPU.ActiveCfg = Release|Any CPU
		{7F258AE4-0A1D-412B-A618-516331ACE0A9}.Release|Any CPU.Build.0 = Release|Any CPU
		{E077155B-581B-4AAD-854C-BF1B8E5BB553}.Debug|Any CPU.ActiveCfg = Debug|Any CPU
		{E077155B-581B-4AAD-854C-BF1B8E5BB553}.Debug|Any CPU.Build.0 = Debug|Any CPU
		{E077155B-581B-4AAD-854C-BF1B8E5BB553}.Release|Any CPU.ActiveCfg = Release|Any CPU
		{E077155B-581B-4AAD-854C-BF1B8E5BB553}.Release|Any CPU.Build.0 = Release|Any CPU
		{2C20ACB9-E46B-44B2-9561-746249387958}.Debug|Any CPU.ActiveCfg = Debug|Any CPU
		{2C20ACB9-E46B-44B2-9561-746249387958}.Debug|Any CPU.Build.0 = Debug|Any CPU
		{2C20ACB9-E46B-44B2-9561-746249387958}.Release|Any CPU.ActiveCfg = Release|Any CPU
		{2C20ACB9-E46B-44B2-9561-746249387958}.Release|Any CPU.Build.0 = Release|Any CPU
		{DFEF354B-D7A5-4730-9E83-9F78F7451805}.Debug|Any CPU.ActiveCfg = Debug|Any CPU
		{DFEF354B-D7A5-4730-9E83-9F78F7451805}.Debug|Any CPU.Build.0 = Debug|Any CPU
		{DFEF354B-D7A5-4730-9E83-9F78F7451805}.Release|Any CPU.ActiveCfg = Release|Any CPU
		{DFEF354B-D7A5-4730-9E83-9F78F7451805}.Release|Any CPU.Build.0 = Release|Any CPU
		{E69C792A-AF47-4449-8D72-E739C8A7D2A4}.Debug|Any CPU.ActiveCfg = Debug|Any CPU
		{E69C792A-AF47-4449-8D72-E739C8A7D2A4}.Debug|Any CPU.Build.0 = Debug|Any CPU
		{E69C792A-AF47-4449-8D72-E739C8A7D2A4}.Release|Any CPU.ActiveCfg = Release|Any CPU
		{E69C792A-AF47-4449-8D72-E739C8A7D2A4}.Release|Any CPU.Build.0 = Release|Any CPU
		{C61737B4-D415-4E99-9450-DE1C9C99740A}.Debug|Any CPU.ActiveCfg = Debug|Any CPU
		{C61737B4-D415-4E99-9450-DE1C9C99740A}.Debug|Any CPU.Build.0 = Debug|Any CPU
		{C61737B4-D415-4E99-9450-DE1C9C99740A}.Release|Any CPU.ActiveCfg = Release|Any CPU
		{C61737B4-D415-4E99-9450-DE1C9C99740A}.Release|Any CPU.Build.0 = Release|Any CPU
		{E1EFCCE2-7AD4-4A47-8C5E-5883BF8F46FD}.Debug|Any CPU.ActiveCfg = Debug|Any CPU
		{E1EFCCE2-7AD4-4A47-8C5E-5883BF8F46FD}.Debug|Any CPU.Build.0 = Debug|Any CPU
		{E1EFCCE2-7AD4-4A47-8C5E-5883BF8F46FD}.Release|Any CPU.ActiveCfg = Release|Any CPU
		{E1EFCCE2-7AD4-4A47-8C5E-5883BF8F46FD}.Release|Any CPU.Build.0 = Release|Any CPU
		{99C177E8-984A-47FC-80A9-127245F040A6}.Debug|Any CPU.ActiveCfg = Debug|Any CPU
		{99C177E8-984A-47FC-80A9-127245F040A6}.Debug|Any CPU.Build.0 = Debug|Any CPU
		{99C177E8-984A-47FC-80A9-127245F040A6}.Release|Any CPU.ActiveCfg = Release|Any CPU
		{99C177E8-984A-47FC-80A9-127245F040A6}.Release|Any CPU.Build.0 = Release|Any CPU
		{1B705944-6700-4178-8ABF-4942CD9E85D0}.Debug|Any CPU.ActiveCfg = Debug|Any CPU
		{1B705944-6700-4178-8ABF-4942CD9E85D0}.Debug|Any CPU.Build.0 = Debug|Any CPU
		{1B705944-6700-4178-8ABF-4942CD9E85D0}.Release|Any CPU.ActiveCfg = Release|Any CPU
		{1B705944-6700-4178-8ABF-4942CD9E85D0}.Release|Any CPU.Build.0 = Release|Any CPU
		{47B9AC6B-B340-44F2-B7F7-A23CD7B22F80}.Debug|Any CPU.ActiveCfg = Debug|Any CPU
		{47B9AC6B-B340-44F2-B7F7-A23CD7B22F80}.Debug|Any CPU.Build.0 = Debug|Any CPU
		{47B9AC6B-B340-44F2-B7F7-A23CD7B22F80}.Release|Any CPU.ActiveCfg = Release|Any CPU
		{47B9AC6B-B340-44F2-B7F7-A23CD7B22F80}.Release|Any CPU.Build.0 = Release|Any CPU
		{80A3F0FA-D752-4C48-8EE7-A6ED2CEF4A92}.Debug|Any CPU.ActiveCfg = Debug|Any CPU
		{80A3F0FA-D752-4C48-8EE7-A6ED2CEF4A92}.Debug|Any CPU.Build.0 = Debug|Any CPU
		{80A3F0FA-D752-4C48-8EE7-A6ED2CEF4A92}.Release|Any CPU.ActiveCfg = Release|Any CPU
		{80A3F0FA-D752-4C48-8EE7-A6ED2CEF4A92}.Release|Any CPU.Build.0 = Release|Any CPU
		{06C65E71-774B-42A0-BC25-D4DC195C9FE7}.Debug|Any CPU.ActiveCfg = Debug|Any CPU
		{06C65E71-774B-42A0-BC25-D4DC195C9FE7}.Debug|Any CPU.Build.0 = Debug|Any CPU
		{06C65E71-774B-42A0-BC25-D4DC195C9FE7}.Release|Any CPU.ActiveCfg = Release|Any CPU
		{06C65E71-774B-42A0-BC25-D4DC195C9FE7}.Release|Any CPU.Build.0 = Release|Any CPU
		{E386DF5B-72AF-4596-86D9-C29DAFFE92C9}.Debug|Any CPU.ActiveCfg = Debug|Any CPU
		{E386DF5B-72AF-4596-86D9-C29DAFFE92C9}.Debug|Any CPU.Build.0 = Debug|Any CPU
		{E386DF5B-72AF-4596-86D9-C29DAFFE92C9}.Release|Any CPU.ActiveCfg = Release|Any CPU
		{E386DF5B-72AF-4596-86D9-C29DAFFE92C9}.Release|Any CPU.Build.0 = Release|Any CPU
		{A0583B17-F01B-472F-B3B8-F71C2C0B15A1}.Debug|Any CPU.ActiveCfg = Debug|Any CPU
		{A0583B17-F01B-472F-B3B8-F71C2C0B15A1}.Debug|Any CPU.Build.0 = Debug|Any CPU
		{A0583B17-F01B-472F-B3B8-F71C2C0B15A1}.Release|Any CPU.ActiveCfg = Release|Any CPU
		{A0583B17-F01B-472F-B3B8-F71C2C0B15A1}.Release|Any CPU.Build.0 = Release|Any CPU
		{2308DB1D-2453-45E8-9BB8-3AEC53487C8A}.Debug|Any CPU.ActiveCfg = Debug|Any CPU
		{2308DB1D-2453-45E8-9BB8-3AEC53487C8A}.Debug|Any CPU.Build.0 = Debug|Any CPU
		{2308DB1D-2453-45E8-9BB8-3AEC53487C8A}.Release|Any CPU.ActiveCfg = Release|Any CPU
		{2308DB1D-2453-45E8-9BB8-3AEC53487C8A}.Release|Any CPU.Build.0 = Release|Any CPU
		{63D065C6-D69A-4C7C-8642-28C75C78477F}.Debug|Any CPU.ActiveCfg = Debug|Any CPU
		{63D065C6-D69A-4C7C-8642-28C75C78477F}.Debug|Any CPU.Build.0 = Debug|Any CPU
		{63D065C6-D69A-4C7C-8642-28C75C78477F}.Release|Any CPU.ActiveCfg = Release|Any CPU
		{63D065C6-D69A-4C7C-8642-28C75C78477F}.Release|Any CPU.Build.0 = Release|Any CPU
		{247A1803-E2B6-4602-A803-E5A41BE57436}.Debug|Any CPU.ActiveCfg = Debug|Any CPU
		{247A1803-E2B6-4602-A803-E5A41BE57436}.Debug|Any CPU.Build.0 = Debug|Any CPU
		{247A1803-E2B6-4602-A803-E5A41BE57436}.Release|Any CPU.ActiveCfg = Release|Any CPU
		{247A1803-E2B6-4602-A803-E5A41BE57436}.Release|Any CPU.Build.0 = Release|Any CPU
		{ED63BF1E-BC94-4D73-B835-44AD4BF8AC99}.Debug|Any CPU.ActiveCfg = Debug|Any CPU
		{ED63BF1E-BC94-4D73-B835-44AD4BF8AC99}.Debug|Any CPU.Build.0 = Debug|Any CPU
		{ED63BF1E-BC94-4D73-B835-44AD4BF8AC99}.Release|Any CPU.ActiveCfg = Release|Any CPU
		{ED63BF1E-BC94-4D73-B835-44AD4BF8AC99}.Release|Any CPU.Build.0 = Release|Any CPU
		{2D0FCA3C-22E8-48A2-A3FB-E74CDAE769DC}.Debug|Any CPU.ActiveCfg = Debug|Any CPU
		{2D0FCA3C-22E8-48A2-A3FB-E74CDAE769DC}.Debug|Any CPU.Build.0 = Debug|Any CPU
		{2D0FCA3C-22E8-48A2-A3FB-E74CDAE769DC}.Release|Any CPU.ActiveCfg = Release|Any CPU
		{2D0FCA3C-22E8-48A2-A3FB-E74CDAE769DC}.Release|Any CPU.Build.0 = Release|Any CPU
		{9FB88A07-8593-47AD-89E2-933C2C0F846E}.Debug|Any CPU.ActiveCfg = Debug|Any CPU
		{9FB88A07-8593-47AD-89E2-933C2C0F846E}.Debug|Any CPU.Build.0 = Debug|Any CPU
		{9FB88A07-8593-47AD-89E2-933C2C0F846E}.Release|Any CPU.ActiveCfg = Release|Any CPU
		{9FB88A07-8593-47AD-89E2-933C2C0F846E}.Release|Any CPU.Build.0 = Release|Any CPU
		{08E4A5ED-D1DC-4BA5-BDE1-1A91CBAB0896}.Debug|Any CPU.ActiveCfg = Debug|Any CPU
		{08E4A5ED-D1DC-4BA5-BDE1-1A91CBAB0896}.Debug|Any CPU.Build.0 = Debug|Any CPU
		{08E4A5ED-D1DC-4BA5-BDE1-1A91CBAB0896}.Release|Any CPU.ActiveCfg = Release|Any CPU
		{08E4A5ED-D1DC-4BA5-BDE1-1A91CBAB0896}.Release|Any CPU.Build.0 = Release|Any CPU
		{75729DE9-A16E-4D60-80EA-30468A5522CB}.Debug|Any CPU.ActiveCfg = Debug|Any CPU
		{75729DE9-A16E-4D60-80EA-30468A5522CB}.Debug|Any CPU.Build.0 = Debug|Any CPU
		{75729DE9-A16E-4D60-80EA-30468A5522CB}.Release|Any CPU.ActiveCfg = Release|Any CPU
		{75729DE9-A16E-4D60-80EA-30468A5522CB}.Release|Any CPU.Build.0 = Release|Any CPU
		{655E679A-C223-4F67-9990-35E7DAC822AD}.Debug|Any CPU.ActiveCfg = Debug|Any CPU
		{655E679A-C223-4F67-9990-35E7DAC822AD}.Debug|Any CPU.Build.0 = Debug|Any CPU
		{655E679A-C223-4F67-9990-35E7DAC822AD}.Release|Any CPU.ActiveCfg = Release|Any CPU
		{655E679A-C223-4F67-9990-35E7DAC822AD}.Release|Any CPU.Build.0 = Release|Any CPU
		{488728EB-F2CA-49E8-B2E2-7C848EECA395}.Debug|Any CPU.ActiveCfg = Debug|Any CPU
		{488728EB-F2CA-49E8-B2E2-7C848EECA395}.Debug|Any CPU.Build.0 = Debug|Any CPU
		{488728EB-F2CA-49E8-B2E2-7C848EECA395}.Release|Any CPU.ActiveCfg = Release|Any CPU
		{488728EB-F2CA-49E8-B2E2-7C848EECA395}.Release|Any CPU.Build.0 = Release|Any CPU
		{A435521A-9074-4720-9347-AA1D6A23C410}.Debug|Any CPU.ActiveCfg = Debug|Any CPU
		{A435521A-9074-4720-9347-AA1D6A23C410}.Debug|Any CPU.Build.0 = Debug|Any CPU
		{A435521A-9074-4720-9347-AA1D6A23C410}.Release|Any CPU.ActiveCfg = Release|Any CPU
		{A435521A-9074-4720-9347-AA1D6A23C410}.Release|Any CPU.Build.0 = Release|Any CPU
		{17E06B2F-5362-40C6-A5B0-B4159516DEF3}.Debug|Any CPU.ActiveCfg = Debug|Any CPU
		{17E06B2F-5362-40C6-A5B0-B4159516DEF3}.Debug|Any CPU.Build.0 = Debug|Any CPU
		{17E06B2F-5362-40C6-A5B0-B4159516DEF3}.Release|Any CPU.ActiveCfg = Release|Any CPU
		{17E06B2F-5362-40C6-A5B0-B4159516DEF3}.Release|Any CPU.Build.0 = Release|Any CPU
		{E119B6AB-E3C6-4F5C-ADF8-EB0040928519}.Debug|Any CPU.ActiveCfg = Debug|Any CPU
		{E119B6AB-E3C6-4F5C-ADF8-EB0040928519}.Debug|Any CPU.Build.0 = Debug|Any CPU
		{E119B6AB-E3C6-4F5C-ADF8-EB0040928519}.Release|Any CPU.ActiveCfg = Release|Any CPU
		{E119B6AB-E3C6-4F5C-ADF8-EB0040928519}.Release|Any CPU.Build.0 = Release|Any CPU
		{43A8E1AB-024C-4DA8-8A9A-C1296303FB2A}.Debug|Any CPU.ActiveCfg = Debug|Any CPU
		{43A8E1AB-024C-4DA8-8A9A-C1296303FB2A}.Debug|Any CPU.Build.0 = Debug|Any CPU
		{43A8E1AB-024C-4DA8-8A9A-C1296303FB2A}.Release|Any CPU.ActiveCfg = Release|Any CPU
		{43A8E1AB-024C-4DA8-8A9A-C1296303FB2A}.Release|Any CPU.Build.0 = Release|Any CPU
		{A9F57D5B-C062-453E-BF28-CB0F500ECC72}.Debug|Any CPU.ActiveCfg = Debug|Any CPU
		{A9F57D5B-C062-453E-BF28-CB0F500ECC72}.Debug|Any CPU.Build.0 = Debug|Any CPU
		{A9F57D5B-C062-453E-BF28-CB0F500ECC72}.Release|Any CPU.ActiveCfg = Release|Any CPU
		{A9F57D5B-C062-453E-BF28-CB0F500ECC72}.Release|Any CPU.Build.0 = Release|Any CPU
		{EE1A306E-3E01-4BE6-A896-C9F8AD74063E}.Debug|Any CPU.ActiveCfg = Debug|Any CPU
		{EE1A306E-3E01-4BE6-A896-C9F8AD74063E}.Debug|Any CPU.Build.0 = Debug|Any CPU
		{EE1A306E-3E01-4BE6-A896-C9F8AD74063E}.Release|Any CPU.ActiveCfg = Release|Any CPU
		{EE1A306E-3E01-4BE6-A896-C9F8AD74063E}.Release|Any CPU.Build.0 = Release|Any CPU
		{726628F2-862C-4378-A109-323D3B9A78F9}.Debug|Any CPU.ActiveCfg = Debug|Any CPU
		{726628F2-862C-4378-A109-323D3B9A78F9}.Debug|Any CPU.Build.0 = Debug|Any CPU
		{726628F2-862C-4378-A109-323D3B9A78F9}.Release|Any CPU.ActiveCfg = Release|Any CPU
		{726628F2-862C-4378-A109-323D3B9A78F9}.Release|Any CPU.Build.0 = Release|Any CPU
		{528E8BE6-DCD3-4D1C-9FB4-8978604AFD67}.Debug|Any CPU.ActiveCfg = Debug|Any CPU
		{528E8BE6-DCD3-4D1C-9FB4-8978604AFD67}.Debug|Any CPU.Build.0 = Debug|Any CPU
		{528E8BE6-DCD3-4D1C-9FB4-8978604AFD67}.Release|Any CPU.ActiveCfg = Release|Any CPU
		{528E8BE6-DCD3-4D1C-9FB4-8978604AFD67}.Release|Any CPU.Build.0 = Release|Any CPU
		{CD9A0435-BCD8-4382-ABA2-FE88EA38C7B0}.Debug|Any CPU.ActiveCfg = Debug|Any CPU
		{CD9A0435-BCD8-4382-ABA2-FE88EA38C7B0}.Debug|Any CPU.Build.0 = Debug|Any CPU
		{CD9A0435-BCD8-4382-ABA2-FE88EA38C7B0}.Release|Any CPU.ActiveCfg = Release|Any CPU
		{CD9A0435-BCD8-4382-ABA2-FE88EA38C7B0}.Release|Any CPU.Build.0 = Release|Any CPU
		{2C2A8AD2-81BF-48BE-AD5A-165FF722F1DE}.Debug|Any CPU.ActiveCfg = Debug|Any CPU
		{2C2A8AD2-81BF-48BE-AD5A-165FF722F1DE}.Debug|Any CPU.Build.0 = Debug|Any CPU
		{2C2A8AD2-81BF-48BE-AD5A-165FF722F1DE}.Release|Any CPU.ActiveCfg = Release|Any CPU
		{2C2A8AD2-81BF-48BE-AD5A-165FF722F1DE}.Release|Any CPU.Build.0 = Release|Any CPU
		{9C0BF31C-DD6F-4521-9E9F-32C278FB3D46}.Debug|Any CPU.ActiveCfg = Debug|Any CPU
		{9C0BF31C-DD6F-4521-9E9F-32C278FB3D46}.Debug|Any CPU.Build.0 = Debug|Any CPU
		{9C0BF31C-DD6F-4521-9E9F-32C278FB3D46}.Release|Any CPU.ActiveCfg = Release|Any CPU
		{9C0BF31C-DD6F-4521-9E9F-32C278FB3D46}.Release|Any CPU.Build.0 = Release|Any CPU
		{3F936DB6-6A6E-4623-8ACD-040ED452D78E}.Debug|Any CPU.ActiveCfg = Debug|Any CPU
		{3F936DB6-6A6E-4623-8ACD-040ED452D78E}.Debug|Any CPU.Build.0 = Debug|Any CPU
		{3F936DB6-6A6E-4623-8ACD-040ED452D78E}.Release|Any CPU.ActiveCfg = Release|Any CPU
		{3F936DB6-6A6E-4623-8ACD-040ED452D78E}.Release|Any CPU.Build.0 = Release|Any CPU
		{AC9B3836-FA56-4AA7-B0A8-496BC7056A17}.Debug|Any CPU.ActiveCfg = Debug|Any CPU
		{AC9B3836-FA56-4AA7-B0A8-496BC7056A17}.Debug|Any CPU.Build.0 = Debug|Any CPU
		{AC9B3836-FA56-4AA7-B0A8-496BC7056A17}.Release|Any CPU.ActiveCfg = Release|Any CPU
		{AC9B3836-FA56-4AA7-B0A8-496BC7056A17}.Release|Any CPU.Build.0 = Release|Any CPU
		{3CB080AA-668C-4335-AD4B-DFEDA8D97A21}.Debug|Any CPU.ActiveCfg = Debug|Any CPU
		{3CB080AA-668C-4335-AD4B-DFEDA8D97A21}.Debug|Any CPU.Build.0 = Debug|Any CPU
		{3CB080AA-668C-4335-AD4B-DFEDA8D97A21}.Release|Any CPU.ActiveCfg = Release|Any CPU
		{3CB080AA-668C-4335-AD4B-DFEDA8D97A21}.Release|Any CPU.Build.0 = Release|Any CPU
	EndGlobalSection
	GlobalSection(SolutionProperties) = preSolution
		HideSolutionNode = FALSE
	EndGlobalSection
EndGlobal
